
Microsoft Visual Studio Solution File, Format Version 12.00
# Visual Studio Version 17
VisualStudioVersion = 17.7.34302.85
MinimumVisualStudioVersion = 10.0.40219.1
Project("{54A90642-561A-4BB1-A94E-469ADEE60C69}") = "scholarshipapp", "scholarshipapp\scholarshipapp.esproj", "{F5FC7CBD-0FD2-4852-B788-F1DD5B26CDD1}"
EndProject
Global
	GlobalSection(SolutionConfigurationPlatforms) = preSolution
		Debug|Any CPU = Debug|Any CPU
		Release|Any CPU = Release|Any CPU
	EndGlobalSection
	GlobalSection(ProjectConfigurationPlatforms) = postSolution
		{F5FC7CBD-0FD2-4852-B788-F1DD5B26CDD1}.Debug|Any CPU.ActiveCfg = Debug|Any CPU
		{F5FC7CBD-0FD2-4852-B788-F1DD5B26CDD1}.Debug|Any CPU.Build.0 = Debug|Any CPU
		{F5FC7CBD-0FD2-4852-B788-F1DD5B26CDD1}.Debug|Any CPU.Deploy.0 = Debug|Any CPU
		{F5FC7CBD-0FD2-4852-B788-F1DD5B26CDD1}.Release|Any CPU.ActiveCfg = Release|Any CPU
		{F5FC7CBD-0FD2-4852-B788-F1DD5B26CDD1}.Release|Any CPU.Build.0 = Release|Any CPU
		{F5FC7CBD-0FD2-4852-B788-F1DD5B26CDD1}.Release|Any CPU.Deploy.0 = Release|Any CPU
	EndGlobalSection
	GlobalSection(SolutionProperties) = preSolution
		HideSolutionNode = FALSE
	EndGlobalSection
	GlobalSection(ExtensibilityGlobals) = postSolution
		SolutionGuid = {D926301D-1C90-43DC-A731-9BF0DE07D6B8}
	EndGlobalSection
EndGlobal
